
Microsoft Visual Studio Solution File, Format Version 11.00
# Visual Studio 2010
Project("{FAE04EC0-301F-11D3-BF4B-00C04F79EFBC}") = "ClientSerial", "ClientSerial\ClientSerial.csproj", "{FFE00C21-83F4-490F-94BD-9690A54583B4}"
EndProject
Global
	GlobalSection(SolutionConfigurationPlatforms) = preSolution
		Debug|x86 = Debug|x86
		Release|x86 = Release|x86
	EndGlobalSection
	GlobalSection(ProjectConfigurationPlatforms) = postSolution
		{FFE00C21-83F4-490F-94BD-9690A54583B4}.Debug|x86.ActiveCfg = Debug|x86
		{FFE00C21-83F4-490F-94BD-9690A54583B4}.Debug|x86.Build.0 = Debug|x86
		{FFE00C21-83F4-490F-94BD-9690A54583B4}.Release|x86.ActiveCfg = Release|x86
		{FFE00C21-83F4-490F-94BD-9690A54583B4}.Release|x86.Build.0 = Release|x86
	EndGlobalSection
	GlobalSection(SolutionProperties) = preSolution
		HideSolutionNode = FALSE
	EndGlobalSection
EndGlobal
